
Microsoft Visual Studio Solution File, Format Version 12.00
Project("{FAE04EC0-301F-11D3-BF4B-00C04F79EFBC}") = "Fundamentos", "Fundamentos\Fundamentos.csproj", "{56BEDE1E-693A-4695-BD43-D809A2777341}"
EndProject
Global
	GlobalSection(SolutionConfigurationPlatforms) = preSolution
		Debug|Any CPU = Debug|Any CPU
		Release|Any CPU = Release|Any CPU
	EndGlobalSection
	GlobalSection(ProjectConfigurationPlatforms) = postSolution
		{56BEDE1E-693A-4695-BD43-D809A2777341}.Debug|Any CPU.ActiveCfg = Debug|Any CPU
		{56BEDE1E-693A-4695-BD43-D809A2777341}.Debug|Any CPU.Build.0 = Debug|Any CPU
		{56BEDE1E-693A-4695-BD43-D809A2777341}.Release|Any CPU.ActiveCfg = Release|Any CPU
		{56BEDE1E-693A-4695-BD43-D809A2777341}.Release|Any CPU.Build.0 = Release|Any CPU
	EndGlobalSection
EndGlobal
