
Microsoft Visual Studio Solution File, Format Version 12.00
Project("{2150E333-8FDC-42A3-9474-1A3956D46DE8}") = "Desafios", "Desafios", "{5B6FBAB1-C5A7-4121-9E5F-2F0F2A41BE4A}"
EndProject
Project("{FAE04EC0-301F-11D3-BF4B-00C04F79EFBC}") = "Estacionamento", "Estacionamento\Estacionamento.csproj", "{064910D9-FC26-48D2-A3DD-4B6C10BBC48A}"
EndProject
Project("{2150E333-8FDC-42A3-9474-1A3956D46DE8}") = "Aulas", "Aulas", "{967746C8-9603-4C5C-9D87-3AF7C6DEE729}"
EndProject
Project("{FAE04EC0-301F-11D3-BF4B-00C04F79EFBC}") = "POO", "POO\POO.csproj", "{B0398A4A-04E5-4152-BDE5-533B83D7F2B4}"
EndProject
Project("{FAE04EC0-301F-11D3-BF4B-00C04F79EFBC}") = "Hotel", "Hotel\Hotel.csproj", "{C8995F82-595A-4E73-982F-EE9E8505F0E3}"
EndProject
Project("{FAE04EC0-301F-11D3-BF4B-00C04F79EFBC}") = "Smartphones", "Smartphones\Smartphones.csproj", "{349FD8C5-9576-454B-A015-C7CCB4509E8E}"
EndProject
Project("{FAE04EC0-301F-11D3-BF4B-00C04F79EFBC}") = "API", "API\API.csproj", "{439B6BB4-CFB1-43C8-9FCA-1182E586B7EB}"
EndProject
Global
	GlobalSection(SolutionConfigurationPlatforms) = preSolution
		Debug|Any CPU = Debug|Any CPU
		Debug|x64 = Debug|x64
		Debug|x86 = Debug|x86
		Release|Any CPU = Release|Any CPU
		Release|x64 = Release|x64
		Release|x86 = Release|x86
	EndGlobalSection
	GlobalSection(ProjectConfigurationPlatforms) = postSolution
		{064910D9-FC26-48D2-A3DD-4B6C10BBC48A}.Debug|Any CPU.ActiveCfg = Debug|Any CPU
		{064910D9-FC26-48D2-A3DD-4B6C10BBC48A}.Debug|Any CPU.Build.0 = Debug|Any CPU
		{064910D9-FC26-48D2-A3DD-4B6C10BBC48A}.Debug|x64.ActiveCfg = Debug|Any CPU
		{064910D9-FC26-48D2-A3DD-4B6C10BBC48A}.Debug|x64.Build.0 = Debug|Any CPU
		{064910D9-FC26-48D2-A3DD-4B6C10BBC48A}.Debug|x86.ActiveCfg = Debug|Any CPU
		{064910D9-FC26-48D2-A3DD-4B6C10BBC48A}.Debug|x86.Build.0 = Debug|Any CPU
		{064910D9-FC26-48D2-A3DD-4B6C10BBC48A}.Release|Any CPU.ActiveCfg = Release|Any CPU
		{064910D9-FC26-48D2-A3DD-4B6C10BBC48A}.Release|Any CPU.Build.0 = Release|Any CPU
		{064910D9-FC26-48D2-A3DD-4B6C10BBC48A}.Release|x64.ActiveCfg = Release|Any CPU
		{064910D9-FC26-48D2-A3DD-4B6C10BBC48A}.Release|x64.Build.0 = Release|Any CPU
		{064910D9-FC26-48D2-A3DD-4B6C10BBC48A}.Release|x86.ActiveCfg = Release|Any CPU
		{064910D9-FC26-48D2-A3DD-4B6C10BBC48A}.Release|x86.Build.0 = Release|Any CPU
		{B0398A4A-04E5-4152-BDE5-533B83D7F2B4}.Debug|Any CPU.ActiveCfg = Debug|Any CPU
		{B0398A4A-04E5-4152-BDE5-533B83D7F2B4}.Debug|Any CPU.Build.0 = Debug|Any CPU
		{B0398A4A-04E5-4152-BDE5-533B83D7F2B4}.Debug|x64.ActiveCfg = Debug|Any CPU
		{B0398A4A-04E5-4152-BDE5-533B83D7F2B4}.Debug|x64.Build.0 = Debug|Any CPU
		{B0398A4A-04E5-4152-BDE5-533B83D7F2B4}.Debug|x86.ActiveCfg = Debug|Any CPU
		{B0398A4A-04E5-4152-BDE5-533B83D7F2B4}.Debug|x86.Build.0 = Debug|Any CPU
		{B0398A4A-04E5-4152-BDE5-533B83D7F2B4}.Release|Any CPU.ActiveCfg = Release|Any CPU
		{B0398A4A-04E5-4152-BDE5-533B83D7F2B4}.Release|Any CPU.Build.0 = Release|Any CPU
		{B0398A4A-04E5-4152-BDE5-533B83D7F2B4}.Release|x64.ActiveCfg = Release|Any CPU
		{B0398A4A-04E5-4152-BDE5-533B83D7F2B4}.Release|x64.Build.0 = Release|Any CPU
		{B0398A4A-04E5-4152-BDE5-533B83D7F2B4}.Release|x86.ActiveCfg = Release|Any CPU
		{B0398A4A-04E5-4152-BDE5-533B83D7F2B4}.Release|x86.Build.0 = Release|Any CPU
		{C8995F82-595A-4E73-982F-EE9E8505F0E3}.Debug|Any CPU.ActiveCfg = Debug|Any CPU
		{C8995F82-595A-4E73-982F-EE9E8505F0E3}.Debug|Any CPU.Build.0 = Debug|Any CPU
		{C8995F82-595A-4E73-982F-EE9E8505F0E3}.Debug|x64.ActiveCfg = Debug|Any CPU
		{C8995F82-595A-4E73-982F-EE9E8505F0E3}.Debug|x64.Build.0 = Debug|Any CPU
		{C8995F82-595A-4E73-982F-EE9E8505F0E3}.Debug|x86.ActiveCfg = Debug|Any CPU
		{C8995F82-595A-4E73-982F-EE9E8505F0E3}.Debug|x86.Build.0 = Debug|Any CPU
		{C8995F82-595A-4E73-982F-EE9E8505F0E3}.Release|Any CPU.ActiveCfg = Release|Any CPU
		{C8995F82-595A-4E73-982F-EE9E8505F0E3}.Release|Any CPU.Build.0 = Release|Any CPU
		{C8995F82-595A-4E73-982F-EE9E8505F0E3}.Release|x64.ActiveCfg = Release|Any CPU
		{C8995F82-595A-4E73-982F-EE9E8505F0E3}.Release|x64.Build.0 = Release|Any CPU
		{C8995F82-595A-4E73-982F-EE9E8505F0E3}.Release|x86.ActiveCfg = Release|Any CPU
		{C8995F82-595A-4E73-982F-EE9E8505F0E3}.Release|x86.Build.0 = Release|Any CPU
		{349FD8C5-9576-454B-A015-C7CCB4509E8E}.Debug|Any CPU.ActiveCfg = Debug|Any CPU
		{349FD8C5-9576-454B-A015-C7CCB4509E8E}.Debug|Any CPU.Build.0 = Debug|Any CPU
		{349FD8C5-9576-454B-A015-C7CCB4509E8E}.Debug|x64.ActiveCfg = Debug|Any CPU
		{349FD8C5-9576-454B-A015-C7CCB4509E8E}.Debug|x64.Build.0 = Debug|Any CPU
		{349FD8C5-9576-454B-A015-C7CCB4509E8E}.Debug|x86.ActiveCfg = Debug|Any CPU
		{349FD8C5-9576-454B-A015-C7CCB4509E8E}.Debug|x86.Build.0 = Debug|Any CPU
		{349FD8C5-9576-454B-A015-C7CCB4509E8E}.Release|Any CPU.ActiveCfg = Release|Any CPU
		{349FD8C5-9576-454B-A015-C7CCB4509E8E}.Release|Any CPU.Build.0 = Release|Any CPU
		{349FD8C5-9576-454B-A015-C7CCB4509E8E}.Release|x64.ActiveCfg = Release|Any CPU
		{349FD8C5-9576-454B-A015-C7CCB4509E8E}.Release|x64.Build.0 = Release|Any CPU
		{349FD8C5-9576-454B-A015-C7CCB4509E8E}.Release|x86.ActiveCfg = Release|Any CPU
		{349FD8C5-9576-454B-A015-C7CCB4509E8E}.Release|x86.Build.0 = Release|Any CPU
		{439B6BB4-CFB1-43C8-9FCA-1182E586B7EB}.Debug|Any CPU.ActiveCfg = Debug|Any CPU
		{439B6BB4-CFB1-43C8-9FCA-1182E586B7EB}.Debug|Any CPU.Build.0 = Debug|Any CPU
		{439B6BB4-CFB1-43C8-9FCA-1182E586B7EB}.Debug|x64.ActiveCfg = Debug|Any CPU
		{439B6BB4-CFB1-43C8-9FCA-1182E586B7EB}.Debug|x64.Build.0 = Debug|Any CPU
		{439B6BB4-CFB1-43C8-9FCA-1182E586B7EB}.Debug|x86.ActiveCfg = Debug|Any CPU
		{439B6BB4-CFB1-43C8-9FCA-1182E586B7EB}.Debug|x86.Build.0 = Debug|Any CPU
		{439B6BB4-CFB1-43C8-9FCA-1182E586B7EB}.Release|Any CPU.ActiveCfg = Release|Any CPU
		{439B6BB4-CFB1-43C8-9FCA-1182E586B7EB}.Release|Any CPU.Build.0 = Release|Any CPU
		{439B6BB4-CFB1-43C8-9FCA-1182E586B7EB}.Release|x64.ActiveCfg = Release|Any CPU
		{439B6BB4-CFB1-43C8-9FCA-1182E586B7EB}.Release|x64.Build.0 = Release|Any CPU
		{439B6BB4-CFB1-43C8-9FCA-1182E586B7EB}.Release|x86.ActiveCfg = Release|Any CPU
		{439B6BB4-CFB1-43C8-9FCA-1182E586B7EB}.Release|x86.Build.0 = Release|Any CPU
	EndGlobalSection
	GlobalSection(SolutionProperties) = preSolution
		HideSolutionNode = FALSE
	EndGlobalSection
	GlobalSection(NestedProjects) = preSolution
		{439B6BB4-CFB1-43C8-9FCA-1182E586B7EB} = {967746C8-9603-4C5C-9D87-3AF7C6DEE729}
		{064910D9-FC26-48D2-A3DD-4B6C10BBC48A} = {5B6FBAB1-C5A7-4121-9E5F-2F0F2A41BE4A}
		{B0398A4A-04E5-4152-BDE5-533B83D7F2B4} = {967746C8-9603-4C5C-9D87-3AF7C6DEE729}
		{C8995F82-595A-4E73-982F-EE9E8505F0E3} = {5B6FBAB1-C5A7-4121-9E5F-2F0F2A41BE4A}
		{349FD8C5-9576-454B-A015-C7CCB4509E8E} = {5B6FBAB1-C5A7-4121-9E5F-2F0F2A41BE4A}
	EndGlobalSection
EndGlobal
